
Microsoft Visual Studio Solution File, Format Version 12.00
# Visual Studio Version 16
VisualStudioVersion = 16.0.29728.190
MinimumVisualStudioVersion = 10.0.40219.1
Project("{FAE04EC0-301F-11D3-BF4B-00C04F79EFBC}") = "DnsServer", "DnsServer\DnsServer.csproj", "{F163A961-7B90-4726-A3E1-82AC9A333EC6}"
EndProject
Project("{FAE04EC0-301F-11D3-BF4B-00C04F79EFBC}") = "DnsClient", "DnsClient\DnsClient.csproj", "{AF08BDDA-0238-4EE9-9D3D-DACB8C60FE2C}"
EndProject
Global
	GlobalSection(SolutionConfigurationPlatforms) = preSolution
		Debug|Any CPU = Debug|Any CPU
		Release|Any CPU = Release|Any CPU
	EndGlobalSection
	GlobalSection(ProjectConfigurationPlatforms) = postSolution
		{F163A961-7B90-4726-A3E1-82AC9A333EC6}.Debug|Any CPU.ActiveCfg = Debug|Any CPU
		{F163A961-7B90-4726-A3E1-82AC9A333EC6}.Debug|Any CPU.Build.0 = Debug|Any CPU
		{F163A961-7B90-4726-A3E1-82AC9A333EC6}.Release|Any CPU.ActiveCfg = Release|Any CPU
		{F163A961-7B90-4726-A3E1-82AC9A333EC6}.Release|Any CPU.Build.0 = Release|Any CPU
		{AF08BDDA-0238-4EE9-9D3D-DACB8C60FE2C}.Debug|Any CPU.ActiveCfg = Debug|Any CPU
		{AF08BDDA-0238-4EE9-9D3D-DACB8C60FE2C}.Debug|Any CPU.Build.0 = Debug|Any CPU
		{AF08BDDA-0238-4EE9-9D3D-DACB8C60FE2C}.Release|Any CPU.ActiveCfg = Release|Any CPU
		{AF08BDDA-0238-4EE9-9D3D-DACB8C60FE2C}.Release|Any CPU.Build.0 = Release|Any CPU
	EndGlobalSection
	GlobalSection(SolutionProperties) = preSolution
		HideSolutionNode = FALSE
	EndGlobalSection
	GlobalSection(ExtensibilityGlobals) = postSolution
		SolutionGuid = {946318C4-585A-4C8B-B844-0A89D894DC33}
	EndGlobalSection
EndGlobal
